// !$*UTF8*$!
{
	archiveVersion = 1;
	classes = {
	};
	objectVersion = 50;
	objects = {

/* Begin PBXBuildFile section */
		37AB249770D0A5BCE0BED21D /* Pods_iOSFinalProjectTests.framework in Frameworks */ = {isa = PBXBuildFile; fileRef = B7F24B86CC23F03311A26B17 /* Pods_iOSFinalProjectTests.framework */; };
		84EC44FA21CE561900F9FCC4 /* GoogleService-Info.plist in Resources */ = {isa = PBXBuildFile; fileRef = 84EC44F921CE561900F9FCC4 /* GoogleService-Info.plist */; };
		A537209321CA77BF00613145 /* Heebo-Regular.ttf in Resources */ = {isa = PBXBuildFile; fileRef = A537208C21CA77BE00613145 /* Heebo-Regular.ttf */; };
		A537209421CA77C000613145 /* Heebo-ExtraBold.ttf in Resources */ = {isa = PBXBuildFile; fileRef = A537208D21CA77BE00613145 /* Heebo-ExtraBold.ttf */; };
		A537209521CA77C000613145 /* Heebo-Thin.ttf in Resources */ = {isa = PBXBuildFile; fileRef = A537208E21CA77BE00613145 /* Heebo-Thin.ttf */; };
		A537209621CA77C000613145 /* Heebo-Light.ttf in Resources */ = {isa = PBXBuildFile; fileRef = A537208F21CA77BF00613145 /* Heebo-Light.ttf */; };
		A537209721CA77C000613145 /* Heebo-Medium.ttf in Resources */ = {isa = PBXBuildFile; fileRef = A537209021CA77BF00613145 /* Heebo-Medium.ttf */; };
		A537209821CA77C000613145 /* Heebo-Black.ttf in Resources */ = {isa = PBXBuildFile; fileRef = A537209121CA77BF00613145 /* Heebo-Black.ttf */; };
		A537209921CA77C000613145 /* Heebo-Bold.ttf in Resources */ = {isa = PBXBuildFile; fileRef = A537209221CA77BF00613145 /* Heebo-Bold.ttf */; };
		A557807B21DCF9DE00219FFB /* Comment.swift in Sources */ = {isa = PBXBuildFile; fileRef = A557807A21DCF9DE00219FFB /* Comment.swift */; };
		A56BFF6021C4145E009F9D4F /* UIExtensions.swift in Sources */ = {isa = PBXBuildFile; fileRef = A56BFF5F21C4145E009F9D4F /* UIExtensions.swift */; };
		A56C40A121C4F83100203A9B /* SplashViewController.swift in Sources */ = {isa = PBXBuildFile; fileRef = A56C40A021C4F83100203A9B /* SplashViewController.swift */; };
		A57A633F21C51BCB00E836B0 /* Material.framework in Frameworks */ = {isa = PBXBuildFile; fileRef = A57A633E21C51BCB00E836B0 /* Material.framework */; };
		A57A634121C5283100E836B0 /* GeneralExtensions.swift in Sources */ = {isa = PBXBuildFile; fileRef = A57A634021C5283100E836B0 /* GeneralExtensions.swift */; };
		A59545E721C3BCB800DFF43C /* AppDelegate.swift in Sources */ = {isa = PBXBuildFile; fileRef = A59545E621C3BCB800DFF43C /* AppDelegate.swift */; };
		A59545EC21C3BCB800DFF43C /* Main.storyboard in Resources */ = {isa = PBXBuildFile; fileRef = A59545EA21C3BCB800DFF43C /* Main.storyboard */; };
		A59545EF21C3BCB800DFF43C /* iOSFinalProject.xcdatamodeld in Sources */ = {isa = PBXBuildFile; fileRef = A59545ED21C3BCB800DFF43C /* iOSFinalProject.xcdatamodeld */; };
		A59545F121C3BCB900DFF43C /* Assets.xcassets in Resources */ = {isa = PBXBuildFile; fileRef = A59545F021C3BCB900DFF43C /* Assets.xcassets */; };
		A59545F421C3BCB900DFF43C /* LaunchScreen.storyboard in Resources */ = {isa = PBXBuildFile; fileRef = A59545F221C3BCB900DFF43C /* LaunchScreen.storyboard */; };
		A59545FF21C3BCB900DFF43C /* iOSFinalProjectTests.swift in Sources */ = {isa = PBXBuildFile; fileRef = A59545FE21C3BCB900DFF43C /* iOSFinalProjectTests.swift */; };
		A595460A21C3BCB900DFF43C /* iOSFinalProjectUITests.swift in Sources */ = {isa = PBXBuildFile; fileRef = A595460921C3BCB900DFF43C /* iOSFinalProjectUITests.swift */; };
		A595462C21C3C0D900DFF43C /* PropertyTableViewCell.swift in Sources */ = {isa = PBXBuildFile; fileRef = A595462B21C3C0D900DFF43C /* PropertyTableViewCell.swift */; };
		A595463321C3C10000DFF43C /* PropertyViewController.swift in Sources */ = {isa = PBXBuildFile; fileRef = A595462E21C3C0FF00DFF43C /* PropertyViewController.swift */; };
		A595463421C3C10000DFF43C /* PropertiesTableViewController.swift in Sources */ = {isa = PBXBuildFile; fileRef = A595462F21C3C10000DFF43C /* PropertiesTableViewController.swift */; };
		A595463521C3C10000DFF43C /* AddCommentViewController.swift in Sources */ = {isa = PBXBuildFile; fileRef = A595463021C3C10000DFF43C /* AddCommentViewController.swift */; };
		A595463A21C3C10F00DFF43C /* Property.swift in Sources */ = {isa = PBXBuildFile; fileRef = A595463721C3C10F00DFF43C /* Property.swift */; };
		A595463B21C3C10F00DFF43C /* FirebaseModel.swift in Sources */ = {isa = PBXBuildFile; fileRef = A595463821C3C10F00DFF43C /* FirebaseModel.swift */; };
		A595463C21C3C10F00DFF43C /* Model.swift in Sources */ = {isa = PBXBuildFile; fileRef = A595463921C3C10F00DFF43C /* Model.swift */; };
		A595464521C3C4C300DFF43C /* BaseLoginViewController.swift in Sources */ = {isa = PBXBuildFile; fileRef = A595464221C3C4C300DFF43C /* BaseLoginViewController.swift */; };
		A595464921C3C51600DFF43C /* UserLoggedInData.swift in Sources */ = {isa = PBXBuildFile; fileRef = A595464721C3C51600DFF43C /* UserLoggedInData.swift */; };
		A595464A21C3C51600DFF43C /* NotificationService.swift in Sources */ = {isa = PBXBuildFile; fileRef = A595464821C3C51600DFF43C /* NotificationService.swift */; };
		A5F47F0321C3C73100A2AC48 /* LoginViewController.swift in Sources */ = {isa = PBXBuildFile; fileRef = A5F47F0121C3C73000A2AC48 /* LoginViewController.swift */; };
		A5F47F0421C3C73100A2AC48 /* RegisterViewController.swift in Sources */ = {isa = PBXBuildFile; fileRef = A5F47F0221C3C73000A2AC48 /* RegisterViewController.swift */; };
		B659C42C038E712E758F1388 /* Pods_iOSFinalProject.framework in Frameworks */ = {isa = PBXBuildFile; fileRef = 4973A371684EFF561252B252 /* Pods_iOSFinalProject.framework */; };
		C9649B7555EB236412593D2C /* Pods_iOSFinalProjectUITests.framework in Frameworks */ = {isa = PBXBuildFile; fileRef = FC04051FF014191DF1C76E7E /* Pods_iOSFinalProjectUITests.framework */; };
/* End PBXBuildFile section */

/* Begin PBXContainerItemProxy section */
		A59545FB21C3BCB900DFF43C /* PBXContainerItemProxy */ = {
			isa = PBXContainerItemProxy;
			containerPortal = A59545DB21C3BCB800DFF43C /* Project object */;
			proxyType = 1;
			remoteGlobalIDString = A59545E221C3BCB800DFF43C;
			remoteInfo = iOSFinalProject;
		};
		A595460621C3BCB900DFF43C /* PBXContainerItemProxy */ = {
			isa = PBXContainerItemProxy;
			containerPortal = A59545DB21C3BCB800DFF43C /* Project object */;
			proxyType = 1;
			remoteGlobalIDString = A59545E221C3BCB800DFF43C;
			remoteInfo = iOSFinalProject;
		};
/* End PBXContainerItemProxy section */

/* Begin PBXFileReference section */
		37CAB5AB6CB8112BFCCF4E6F /* Pods-iOSFinalProjectUITests.release.xcconfig */ = {isa = PBXFileReference; includeInIndex = 1; lastKnownFileType = text.xcconfig; name = "Pods-iOSFinalProjectUITests.release.xcconfig"; path = "Pods/Target Support Files/Pods-iOSFinalProjectUITests/Pods-iOSFinalProjectUITests.release.xcconfig"; sourceTree = "<group>"; };
		4973A371684EFF561252B252 /* Pods_iOSFinalProject.framework */ = {isa = PBXFileReference; explicitFileType = wrapper.framework; includeInIndex = 0; path = Pods_iOSFinalProject.framework; sourceTree = BUILT_PRODUCTS_DIR; };
		5C2A854A1EE8BC02F1A66E56 /* Pods-iOSFinalProjectTests.release.xcconfig */ = {isa = PBXFileReference; includeInIndex = 1; lastKnownFileType = text.xcconfig; name = "Pods-iOSFinalProjectTests.release.xcconfig"; path = "Pods/Target Support Files/Pods-iOSFinalProjectTests/Pods-iOSFinalProjectTests.release.xcconfig"; sourceTree = "<group>"; };
		5D6CD3B03CB718E981DAA19D /* Pods-iOSFinalProject.debug.xcconfig */ = {isa = PBXFileReference; includeInIndex = 1; lastKnownFileType = text.xcconfig; name = "Pods-iOSFinalProject.debug.xcconfig"; path = "Pods/Target Support Files/Pods-iOSFinalProject/Pods-iOSFinalProject.debug.xcconfig"; sourceTree = "<group>"; };
		782D1E43A0827C2399B9B526 /* Pods-iOSFinalProjectUITests.debug.xcconfig */ = {isa = PBXFileReference; includeInIndex = 1; lastKnownFileType = text.xcconfig; name = "Pods-iOSFinalProjectUITests.debug.xcconfig"; path = "Pods/Target Support Files/Pods-iOSFinalProjectUITests/Pods-iOSFinalProjectUITests.debug.xcconfig"; sourceTree = "<group>"; };
		8058B001FE24BC0A351DC5B7 /* Pods-iOSFinalProject.release.xcconfig */ = {isa = PBXFileReference; includeInIndex = 1; lastKnownFileType = text.xcconfig; name = "Pods-iOSFinalProject.release.xcconfig"; path = "Pods/Target Support Files/Pods-iOSFinalProject/Pods-iOSFinalProject.release.xcconfig"; sourceTree = "<group>"; };
		84EC44F921CE561900F9FCC4 /* GoogleService-Info.plist */ = {isa = PBXFileReference; fileEncoding = 4; lastKnownFileType = text.plist.xml; path = "GoogleService-Info.plist"; sourceTree = "<group>"; };
		A51FDAEC21C403C400B4A7BD /* he */ = {isa = PBXFileReference; lastKnownFileType = text.plist.strings; name = he; path = he.lproj/Main.strings; sourceTree = "<group>"; };
		A51FDAED21C403C500B4A7BD /* he */ = {isa = PBXFileReference; lastKnownFileType = text.plist.strings; name = he; path = he.lproj/LaunchScreen.strings; sourceTree = "<group>"; };
		A537208C21CA77BE00613145 /* Heebo-Regular.ttf */ = {isa = PBXFileReference; lastKnownFileType = file; path = "Heebo-Regular.ttf"; sourceTree = "<group>"; };
		A537208D21CA77BE00613145 /* Heebo-ExtraBold.ttf */ = {isa = PBXFileReference; lastKnownFileType = file; path = "Heebo-ExtraBold.ttf"; sourceTree = "<group>"; };
		A537208E21CA77BE00613145 /* Heebo-Thin.ttf */ = {isa = PBXFileReference; lastKnownFileType = file; path = "Heebo-Thin.ttf"; sourceTree = "<group>"; };
		A537208F21CA77BF00613145 /* Heebo-Light.ttf */ = {isa = PBXFileReference; lastKnownFileType = file; path = "Heebo-Light.ttf"; sourceTree = "<group>"; };
		A537209021CA77BF00613145 /* Heebo-Medium.ttf */ = {isa = PBXFileReference; lastKnownFileType = file; path = "Heebo-Medium.ttf"; sourceTree = "<group>"; };
		A537209121CA77BF00613145 /* Heebo-Black.ttf */ = {isa = PBXFileReference; lastKnownFileType = file; path = "Heebo-Black.ttf"; sourceTree = "<group>"; };
		A537209221CA77BF00613145 /* Heebo-Bold.ttf */ = {isa = PBXFileReference; lastKnownFileType = file; path = "Heebo-Bold.ttf"; sourceTree = "<group>"; };
		A557807A21DCF9DE00219FFB /* Comment.swift */ = {isa = PBXFileReference; lastKnownFileType = sourcecode.swift; path = Comment.swift; sourceTree = "<group>"; };
		A56BFF5F21C4145E009F9D4F /* UIExtensions.swift */ = {isa = PBXFileReference; lastKnownFileType = sourcecode.swift; path = UIExtensions.swift; sourceTree = "<group>"; };
		A56C40A021C4F83100203A9B /* SplashViewController.swift */ = {isa = PBXFileReference; lastKnownFileType = sourcecode.swift; path = SplashViewController.swift; sourceTree = "<group>"; };
		A57A633E21C51BCB00E836B0 /* Material.framework */ = {isa = PBXFileReference; explicitFileType = wrapper.framework; path = Material.framework; sourceTree = BUILT_PRODUCTS_DIR; };
		A57A634021C5283100E836B0 /* GeneralExtensions.swift */ = {isa = PBXFileReference; lastKnownFileType = sourcecode.swift; path = GeneralExtensions.swift; sourceTree = "<group>"; };
		A59545E321C3BCB800DFF43C /* iOSFinalProject.app */ = {isa = PBXFileReference; explicitFileType = wrapper.application; includeInIndex = 0; path = iOSFinalProject.app; sourceTree = BUILT_PRODUCTS_DIR; };
		A59545E621C3BCB800DFF43C /* AppDelegate.swift */ = {isa = PBXFileReference; lastKnownFileType = sourcecode.swift; path = AppDelegate.swift; sourceTree = "<group>"; };
		A59545EB21C3BCB800DFF43C /* Base */ = {isa = PBXFileReference; lastKnownFileType = file.storyboard; name = Base; path = Base.lproj/Main.storyboard; sourceTree = "<group>"; };
		A59545EE21C3BCB800DFF43C /* iOSFinalProject.xcdatamodel */ = {isa = PBXFileReference; lastKnownFileType = wrapper.xcdatamodel; path = iOSFinalProject.xcdatamodel; sourceTree = "<group>"; };
		A59545F021C3BCB900DFF43C /* Assets.xcassets */ = {isa = PBXFileReference; lastKnownFileType = folder.assetcatalog; path = Assets.xcassets; sourceTree = "<group>"; };
		A59545F321C3BCB900DFF43C /* Base */ = {isa = PBXFileReference; lastKnownFileType = file.storyboard; name = Base; path = Base.lproj/LaunchScreen.storyboard; sourceTree = "<group>"; };
		A59545F521C3BCB900DFF43C /* Info.plist */ = {isa = PBXFileReference; lastKnownFileType = text.plist.xml; path = Info.plist; sourceTree = "<group>"; };
		A59545FA21C3BCB900DFF43C /* iOSFinalProjectTests.xctest */ = {isa = PBXFileReference; explicitFileType = wrapper.cfbundle; includeInIndex = 0; path = iOSFinalProjectTests.xctest; sourceTree = BUILT_PRODUCTS_DIR; };
		A59545FE21C3BCB900DFF43C /* iOSFinalProjectTests.swift */ = {isa = PBXFileReference; lastKnownFileType = sourcecode.swift; path = iOSFinalProjectTests.swift; sourceTree = "<group>"; };
		A595460021C3BCB900DFF43C /* Info.plist */ = {isa = PBXFileReference; lastKnownFileType = text.plist.xml; path = Info.plist; sourceTree = "<group>"; };
		A595460521C3BCB900DFF43C /* iOSFinalProjectUITests.xctest */ = {isa = PBXFileReference; explicitFileType = wrapper.cfbundle; includeInIndex = 0; path = iOSFinalProjectUITests.xctest; sourceTree = BUILT_PRODUCTS_DIR; };
		A595460921C3BCB900DFF43C /* iOSFinalProjectUITests.swift */ = {isa = PBXFileReference; lastKnownFileType = sourcecode.swift; path = iOSFinalProjectUITests.swift; sourceTree = "<group>"; };
		A595460B21C3BCB900DFF43C /* Info.plist */ = {isa = PBXFileReference; lastKnownFileType = text.plist.xml; path = Info.plist; sourceTree = "<group>"; };
		A595462B21C3C0D900DFF43C /* PropertyTableViewCell.swift */ = {isa = PBXFileReference; fileEncoding = 4; lastKnownFileType = sourcecode.swift; path = PropertyTableViewCell.swift; sourceTree = "<group>"; };
		A595462E21C3C0FF00DFF43C /* PropertyViewController.swift */ = {isa = PBXFileReference; fileEncoding = 4; lastKnownFileType = sourcecode.swift; path = PropertyViewController.swift; sourceTree = "<group>"; };
		A595462F21C3C10000DFF43C /* PropertiesTableViewController.swift */ = {isa = PBXFileReference; fileEncoding = 4; lastKnownFileType = sourcecode.swift; path = PropertiesTableViewController.swift; sourceTree = "<group>"; };
		A595463021C3C10000DFF43C /* AddCommentViewController.swift */ = {isa = PBXFileReference; fileEncoding = 4; lastKnownFileType = sourcecode.swift; path = AddCommentViewController.swift; sourceTree = "<group>"; };
		A595463721C3C10F00DFF43C /* Property.swift */ = {isa = PBXFileReference; fileEncoding = 4; lastKnownFileType = sourcecode.swift; path = Property.swift; sourceTree = "<group>"; };
		A595463821C3C10F00DFF43C /* FirebaseModel.swift */ = {isa = PBXFileReference; fileEncoding = 4; lastKnownFileType = sourcecode.swift; path = FirebaseModel.swift; sourceTree = "<group>"; };
		A595463921C3C10F00DFF43C /* Model.swift */ = {isa = PBXFileReference; fileEncoding = 4; lastKnownFileType = sourcecode.swift; path = Model.swift; sourceTree = "<group>"; };
		A595464221C3C4C300DFF43C /* BaseLoginViewController.swift */ = {isa = PBXFileReference; fileEncoding = 4; lastKnownFileType = sourcecode.swift; path = BaseLoginViewController.swift; sourceTree = "<group>"; };
		A595464721C3C51600DFF43C /* UserLoggedInData.swift */ = {isa = PBXFileReference; fileEncoding = 4; lastKnownFileType = sourcecode.swift; path = UserLoggedInData.swift; sourceTree = "<group>"; };
		A595464821C3C51600DFF43C /* NotificationService.swift */ = {isa = PBXFileReference; fileEncoding = 4; lastKnownFileType = sourcecode.swift; path = NotificationService.swift; sourceTree = "<group>"; };
		A5F47F0121C3C73000A2AC48 /* LoginViewController.swift */ = {isa = PBXFileReference; fileEncoding = 4; lastKnownFileType = sourcecode.swift; path = LoginViewController.swift; sourceTree = "<group>"; };
		A5F47F0221C3C73000A2AC48 /* RegisterViewController.swift */ = {isa = PBXFileReference; fileEncoding = 4; lastKnownFileType = sourcecode.swift; path = RegisterViewController.swift; sourceTree = "<group>"; };
		B7F24B86CC23F03311A26B17 /* Pods_iOSFinalProjectTests.framework */ = {isa = PBXFileReference; explicitFileType = wrapper.framework; includeInIndex = 0; path = Pods_iOSFinalProjectTests.framework; sourceTree = BUILT_PRODUCTS_DIR; };
		C92F515D7E3B09BB2D2A08DD /* Pods-iOSFinalProjectTests.debug.xcconfig */ = {isa = PBXFileReference; includeInIndex = 1; lastKnownFileType = text.xcconfig; name = "Pods-iOSFinalProjectTests.debug.xcconfig"; path = "Pods/Target Support Files/Pods-iOSFinalProjectTests/Pods-iOSFinalProjectTests.debug.xcconfig"; sourceTree = "<group>"; };
		FC04051FF014191DF1C76E7E /* Pods_iOSFinalProjectUITests.framework */ = {isa = PBXFileReference; explicitFileType = wrapper.framework; includeInIndex = 0; path = Pods_iOSFinalProjectUITests.framework; sourceTree = BUILT_PRODUCTS_DIR; };
/* End PBXFileReference section */

/* Begin PBXFrameworksBuildPhase section */
		A59545E021C3BCB800DFF43C /* Frameworks */ = {
			isa = PBXFrameworksBuildPhase;
			buildActionMask = 2147483647;
			files = (
				A57A633F21C51BCB00E836B0 /* Material.framework in Frameworks */,
				B659C42C038E712E758F1388 /* Pods_iOSFinalProject.framework in Frameworks */,
			);
			runOnlyForDeploymentPostprocessing = 0;
		};
		A59545F721C3BCB900DFF43C /* Frameworks */ = {
			isa = PBXFrameworksBuildPhase;
			buildActionMask = 2147483647;
			files = (
				37AB249770D0A5BCE0BED21D /* Pods_iOSFinalProjectTests.framework in Frameworks */,
			);
			runOnlyForDeploymentPostprocessing = 0;
		};
		A595460221C3BCB900DFF43C /* Frameworks */ = {
			isa = PBXFrameworksBuildPhase;
			buildActionMask = 2147483647;
			files = (
				C9649B7555EB236412593D2C /* Pods_iOSFinalProjectUITests.framework in Frameworks */,
			);
			runOnlyForDeploymentPostprocessing = 0;
		};
/* End PBXFrameworksBuildPhase section */

/* Begin PBXGroup section */
		183923324DC0BC2DBEA7F97B /* Pods */ = {
			isa = PBXGroup;
			children = (
				5D6CD3B03CB718E981DAA19D /* Pods-iOSFinalProject.debug.xcconfig */,
				8058B001FE24BC0A351DC5B7 /* Pods-iOSFinalProject.release.xcconfig */,
				C92F515D7E3B09BB2D2A08DD /* Pods-iOSFinalProjectTests.debug.xcconfig */,
				5C2A854A1EE8BC02F1A66E56 /* Pods-iOSFinalProjectTests.release.xcconfig */,
				782D1E43A0827C2399B9B526 /* Pods-iOSFinalProjectUITests.debug.xcconfig */,
				37CAB5AB6CB8112BFCCF4E6F /* Pods-iOSFinalProjectUITests.release.xcconfig */,
			);
			name = Pods;
			sourceTree = "<group>";
		};
		A537207C21CA774900613145 /* Resources */ = {
			isa = PBXGroup;
			children = (
				A537207D21CA775400613145 /* Fonts */,
			);
			path = Resources;
			sourceTree = "<group>";
		};
		A537207D21CA775400613145 /* Fonts */ = {
			isa = PBXGroup;
			children = (
				A537209121CA77BF00613145 /* Heebo-Black.ttf */,
				A537209221CA77BF00613145 /* Heebo-Bold.ttf */,
				A537208D21CA77BE00613145 /* Heebo-ExtraBold.ttf */,
				A537208F21CA77BF00613145 /* Heebo-Light.ttf */,
				A537209021CA77BF00613145 /* Heebo-Medium.ttf */,
				A537208C21CA77BE00613145 /* Heebo-Regular.ttf */,
				A537208E21CA77BE00613145 /* Heebo-Thin.ttf */,
			);
			path = Fonts;
			sourceTree = "<group>";
		};
		A56BFF5E21C4144A009F9D4F /* Extensions */ = {
			isa = PBXGroup;
			children = (
				A56BFF5F21C4145E009F9D4F /* UIExtensions.swift */,
				A57A634021C5283100E836B0 /* GeneralExtensions.swift */,
			);
			path = Extensions;
			sourceTree = "<group>";
		};
		A59545DA21C3BCB800DFF43C = {
			isa = PBXGroup;
			children = (
				A59545E521C3BCB800DFF43C /* iOSFinalProject */,
				A59545FD21C3BCB900DFF43C /* iOSFinalProjectTests */,
				A595460821C3BCB900DFF43C /* iOSFinalProjectUITests */,
				A59545E421C3BCB800DFF43C /* Products */,
				183923324DC0BC2DBEA7F97B /* Pods */,
				EB853B53EC40859895B98D2B /* Frameworks */,
			);
			sourceTree = "<group>";
		};
		A59545E421C3BCB800DFF43C /* Products */ = {
			isa = PBXGroup;
			children = (
				A59545E321C3BCB800DFF43C /* iOSFinalProject.app */,
				A59545FA21C3BCB900DFF43C /* iOSFinalProjectTests.xctest */,
				A595460521C3BCB900DFF43C /* iOSFinalProjectUITests.xctest */,
			);
			name = Products;
			sourceTree = "<group>";
		};
		A59545E521C3BCB800DFF43C /* iOSFinalProject */ = {
			isa = PBXGroup;
			children = (
				84EC44F921CE561900F9FCC4 /* GoogleService-Info.plist */,
				A537207C21CA774900613145 /* Resources */,
				A56BFF5E21C4144A009F9D4F /* Extensions */,
				A595462A21C3C0C400DFF43C /* Cells */,
				A595461F21C3C0A700DFF43C /* ViewControllers */,
				A595461821C3C07000DFF43C /* Model */,
				A59545E621C3BCB800DFF43C /* AppDelegate.swift */,
				A59545EA21C3BCB800DFF43C /* Main.storyboard */,
				A59545F021C3BCB900DFF43C /* Assets.xcassets */,
				A59545F221C3BCB900DFF43C /* LaunchScreen.storyboard */,
				A59545F521C3BCB900DFF43C /* Info.plist */,
				A59545ED21C3BCB800DFF43C /* iOSFinalProject.xcdatamodeld */,
			);
			path = iOSFinalProject;
			sourceTree = "<group>";
		};
		A59545FD21C3BCB900DFF43C /* iOSFinalProjectTests */ = {
			isa = PBXGroup;
			children = (
				A59545FE21C3BCB900DFF43C /* iOSFinalProjectTests.swift */,
				A595460021C3BCB900DFF43C /* Info.plist */,
			);
			path = iOSFinalProjectTests;
			sourceTree = "<group>";
		};
		A595460821C3BCB900DFF43C /* iOSFinalProjectUITests */ = {
			isa = PBXGroup;
			children = (
				A595460921C3BCB900DFF43C /* iOSFinalProjectUITests.swift */,
				A595460B21C3BCB900DFF43C /* Info.plist */,
			);
			path = iOSFinalProjectUITests;
			sourceTree = "<group>";
		};
		A595461821C3C07000DFF43C /* Model */ = {
			isa = PBXGroup;
			children = (
				A595464821C3C51600DFF43C /* NotificationService.swift */,
				A595464721C3C51600DFF43C /* UserLoggedInData.swift */,
				A595463821C3C10F00DFF43C /* FirebaseModel.swift */,
				A595463921C3C10F00DFF43C /* Model.swift */,
				A595463721C3C10F00DFF43C /* Property.swift */,
				A557807A21DCF9DE00219FFB /* Comment.swift */,
			);
			path = Model;
			sourceTree = "<group>";
		};
		A595461F21C3C0A700DFF43C /* ViewControllers */ = {
			isa = PBXGroup;
			children = (
				A595464221C3C4C300DFF43C /* BaseLoginViewController.swift */,
				A56C40A021C4F83100203A9B /* SplashViewController.swift */,
				A5F47F0121C3C73000A2AC48 /* LoginViewController.swift */,
				A5F47F0221C3C73000A2AC48 /* RegisterViewController.swift */,
				A595463021C3C10000DFF43C /* AddCommentViewController.swift */,
				A595462F21C3C10000DFF43C /* PropertiesTableViewController.swift */,
				A595462E21C3C0FF00DFF43C /* PropertyViewController.swift */,
			);
			path = ViewControllers;
			sourceTree = "<group>";
		};
		A595462A21C3C0C400DFF43C /* Cells */ = {
			isa = PBXGroup;
			children = (
				A595462B21C3C0D900DFF43C /* PropertyTableViewCell.swift */,
			);
			path = Cells;
			sourceTree = "<group>";
		};
		EB853B53EC40859895B98D2B /* Frameworks */ = {
			isa = PBXGroup;
			children = (
				A57A633E21C51BCB00E836B0 /* Material.framework */,
				4973A371684EFF561252B252 /* Pods_iOSFinalProject.framework */,
				B7F24B86CC23F03311A26B17 /* Pods_iOSFinalProjectTests.framework */,
				FC04051FF014191DF1C76E7E /* Pods_iOSFinalProjectUITests.framework */,
			);
			name = Frameworks;
			sourceTree = "<group>";
		};
/* End PBXGroup section */

/* Begin PBXNativeTarget section */
		A59545E221C3BCB800DFF43C /* iOSFinalProject */ = {
			isa = PBXNativeTarget;
			buildConfigurationList = A595460E21C3BCB900DFF43C /* Build configuration list for PBXNativeTarget "iOSFinalProject" */;
			buildPhases = (
				ED8011418049B1755B4A313D /* [CP] Check Pods Manifest.lock */,
				A59545DF21C3BCB800DFF43C /* Sources */,
				A59545E021C3BCB800DFF43C /* Frameworks */,
				A59545E121C3BCB800DFF43C /* Resources */,
				AA40E441C066300D468353D5 /* [CP] Embed Pods Frameworks */,
				8B432097B60493ED3F113A06 /* [CP] Copy Pods Resources */,
			);
			buildRules = (
			);
			dependencies = (
			);
			name = iOSFinalProject;
			productName = iOSFinalProject;
			productReference = A59545E321C3BCB800DFF43C /* iOSFinalProject.app */;
			productType = "com.apple.product-type.application";
		};
		A59545F921C3BCB900DFF43C /* iOSFinalProjectTests */ = {
			isa = PBXNativeTarget;
			buildConfigurationList = A595461121C3BCB900DFF43C /* Build configuration list for PBXNativeTarget "iOSFinalProjectTests" */;
			buildPhases = (
				70234BF7DF4C351232C3C869 /* [CP] Check Pods Manifest.lock */,
				A59545F621C3BCB900DFF43C /* Sources */,
				A59545F721C3BCB900DFF43C /* Frameworks */,
				A59545F821C3BCB900DFF43C /* Resources */,
			);
			buildRules = (
			);
			dependencies = (
				A59545FC21C3BCB900DFF43C /* PBXTargetDependency */,
			);
			name = iOSFinalProjectTests;
			productName = iOSFinalProjectTests;
			productReference = A59545FA21C3BCB900DFF43C /* iOSFinalProjectTests.xctest */;
			productType = "com.apple.product-type.bundle.unit-test";
		};
		A595460421C3BCB900DFF43C /* iOSFinalProjectUITests */ = {
			isa = PBXNativeTarget;
			buildConfigurationList = A595461421C3BCB900DFF43C /* Build configuration list for PBXNativeTarget "iOSFinalProjectUITests" */;
			buildPhases = (
				E073CE06F606F57A57EC08FD /* [CP] Check Pods Manifest.lock */,
				A595460121C3BCB900DFF43C /* Sources */,
				A595460221C3BCB900DFF43C /* Frameworks */,
				A595460321C3BCB900DFF43C /* Resources */,
			);
			buildRules = (
			);
			dependencies = (
				A595460721C3BCB900DFF43C /* PBXTargetDependency */,
			);
			name = iOSFinalProjectUITests;
			productName = iOSFinalProjectUITests;
			productReference = A595460521C3BCB900DFF43C /* iOSFinalProjectUITests.xctest */;
			productType = "com.apple.product-type.bundle.ui-testing";
		};
/* End PBXNativeTarget section */

/* Begin PBXProject section */
		A59545DB21C3BCB800DFF43C /* Project object */ = {
			isa = PBXProject;
			attributes = {
				LastSwiftUpdateCheck = 1010;
				LastUpgradeCheck = 1010;
				ORGANIZATIONNAME = "Eti Negev";
				TargetAttributes = {
					A59545E221C3BCB800DFF43C = {
						CreatedOnToolsVersion = 10.1;
					};
					A59545F921C3BCB900DFF43C = {
						CreatedOnToolsVersion = 10.1;
						TestTargetID = A59545E221C3BCB800DFF43C;
					};
					A595460421C3BCB900DFF43C = {
						CreatedOnToolsVersion = 10.1;
						TestTargetID = A59545E221C3BCB800DFF43C;
					};
				};
			};
			buildConfigurationList = A59545DE21C3BCB800DFF43C /* Build configuration list for PBXProject "iOSFinalProject" */;
			compatibilityVersion = "Xcode 9.3";
			developmentRegion = en;
			hasScannedForEncodings = 0;
			knownRegions = (
				en,
				Base,
			);
			mainGroup = A59545DA21C3BCB800DFF43C;
			productRefGroup = A59545E421C3BCB800DFF43C /* Products */;
			projectDirPath = "";
			projectRoot = "";
			targets = (
				A59545E221C3BCB800DFF43C /* iOSFinalProject */,
				A59545F921C3BCB900DFF43C /* iOSFinalProjectTests */,
				A595460421C3BCB900DFF43C /* iOSFinalProjectUITests */,
			);
		};
/* End PBXProject section */

/* Begin PBXResourcesBuildPhase section */
		A59545E121C3BCB800DFF43C /* Resources */ = {
			isa = PBXResourcesBuildPhase;
			buildActionMask = 2147483647;
			files = (
				A537209321CA77BF00613145 /* Heebo-Regular.ttf in Resources */,
				A59545F421C3BCB900DFF43C /* LaunchScreen.storyboard in Resources */,
				A537209621CA77C000613145 /* Heebo-Light.ttf in Resources */,
				A59545F121C3BCB900DFF43C /* Assets.xcassets in Resources */,
				A537209421CA77C000613145 /* Heebo-ExtraBold.ttf in Resources */,
				A537209821CA77C000613145 /* Heebo-Black.ttf in Resources */,
				A537209721CA77C000613145 /* Heebo-Medium.ttf in Resources */,
				A537209521CA77C000613145 /* Heebo-Thin.ttf in Resources */,
				84EC44FA21CE561900F9FCC4 /* GoogleService-Info.plist in Resources */,
				A537209921CA77C000613145 /* Heebo-Bold.ttf in Resources */,
				A59545EC21C3BCB800DFF43C /* Main.storyboard in Resources */,
			);
			runOnlyForDeploymentPostprocessing = 0;
		};
		A59545F821C3BCB900DFF43C /* Resources */ = {
			isa = PBXResourcesBuildPhase;
			buildActionMask = 2147483647;
			files = (
			);
			runOnlyForDeploymentPostprocessing = 0;
		};
		A595460321C3BCB900DFF43C /* Resources */ = {
			isa = PBXResourcesBuildPhase;
			buildActionMask = 2147483647;
			files = (
			);
			runOnlyForDeploymentPostprocessing = 0;
		};
/* End PBXResourcesBuildPhase section */

/* Begin PBXShellScriptBuildPhase section */
		70234BF7DF4C351232C3C869 /* [CP] Check Pods Manifest.lock */ = {
			isa = PBXShellScriptBuildPhase;
			buildActionMask = 2147483647;
			files = (
			);
			inputFileListPaths = (
			);
			inputPaths = (
				"${PODS_PODFILE_DIR_PATH}/Podfile.lock",
				"${PODS_ROOT}/Manifest.lock",
			);
			name = "[CP] Check Pods Manifest.lock";
			outputFileListPaths = (
			);
			outputPaths = (
				"$(DERIVED_FILE_DIR)/Pods-iOSFinalProjectTests-checkManifestLockResult.txt",
			);
			runOnlyForDeploymentPostprocessing = 0;
			shellPath = /bin/sh;
			shellScript = "diff \"${PODS_PODFILE_DIR_PATH}/Podfile.lock\" \"${PODS_ROOT}/Manifest.lock\" > /dev/null\nif [ $? != 0 ] ; then\n    # print error to STDERR\n    echo \"error: The sandbox is not in sync with the Podfile.lock. Run 'pod install' or update your CocoaPods installation.\" >&2\n    exit 1\nfi\n# This output is used by Xcode 'outputs' to avoid re-running this script phase.\necho \"SUCCESS\" > \"${SCRIPT_OUTPUT_FILE_0}\"\n";
			showEnvVarsInLog = 0;
		};
		8B432097B60493ED3F113A06 /* [CP] Copy Pods Resources */ = {
			isa = PBXShellScriptBuildPhase;
			buildActionMask = 2147483647;
			files = (
			);
			inputFileListPaths = (
			);
			inputPaths = (
				"${SRCROOT}/Pods/Target Support Files/Pods-iOSFinalProject/Pods-iOSFinalProject-resources.sh",
				"${PODS_CONFIGURATION_BUILD_DIR}/FirebaseFirestore/gRPCCertificates-Firestore.bundle",
				"${PODS_CONFIGURATION_BUILD_DIR}/FirebaseUI/FirebaseAuthUI.bundle",
				"${PODS_CONFIGURATION_BUILD_DIR}/FirebaseUI/FirebasePhoneAuthUI.bundle",
			);
			name = "[CP] Copy Pods Resources";
			outputFileListPaths = (
			);
			outputPaths = (
				"${TARGET_BUILD_DIR}/${UNLOCALIZED_RESOURCES_FOLDER_PATH}/gRPCCertificates-Firestore.bundle",
				"${TARGET_BUILD_DIR}/${UNLOCALIZED_RESOURCES_FOLDER_PATH}/FirebaseAuthUI.bundle",
				"${TARGET_BUILD_DIR}/${UNLOCALIZED_RESOURCES_FOLDER_PATH}/FirebasePhoneAuthUI.bundle",
			);
			runOnlyForDeploymentPostprocessing = 0;
			shellPath = /bin/sh;
			shellScript = "\"${SRCROOT}/Pods/Target Support Files/Pods-iOSFinalProject/Pods-iOSFinalProject-resources.sh\"\n";
			showEnvVarsInLog = 0;
		};
		AA40E441C066300D468353D5 /* [CP] Embed Pods Frameworks */ = {
			isa = PBXShellScriptBuildPhase;
			buildActionMask = 2147483647;
			files = (
			);
			inputFileListPaths = (
			);
			inputPaths = (
				"${SRCROOT}/Pods/Target Support Files/Pods-iOSFinalProject/Pods-iOSFinalProject-frameworks.sh",
				"${BUILT_PRODUCTS_DIR}/BoringSSL/openssl.framework",
				"${BUILT_PRODUCTS_DIR}/GTMSessionFetcher/GTMSessionFetcher.framework",
				"${BUILT_PRODUCTS_DIR}/GoogleUtilities/GoogleUtilities.framework",
				"${BUILT_PRODUCTS_DIR}/Material/Material.framework",
				"${BUILT_PRODUCTS_DIR}/Motion/Motion.framework",
				"${BUILT_PRODUCTS_DIR}/Protobuf/Protobuf.framework",
				"${BUILT_PRODUCTS_DIR}/gRPC-C++/grpcpp.framework",
				"${BUILT_PRODUCTS_DIR}/gRPC-Core/grpc.framework",
				"${BUILT_PRODUCTS_DIR}/leveldb-library/leveldb.framework",
				"${BUILT_PRODUCTS_DIR}/nanopb/nanopb.framework",
			);
			name = "[CP] Embed Pods Frameworks";
			outputFileListPaths = (
			);
			outputPaths = (
				"${TARGET_BUILD_DIR}/${FRAMEWORKS_FOLDER_PATH}/openssl.framework",
				"${TARGET_BUILD_DIR}/${FRAMEWORKS_FOLDER_PATH}/GTMSessionFetcher.framework",
				"${TARGET_BUILD_DIR}/${FRAMEWORKS_FOLDER_PATH}/GoogleUtilities.framework",
				"${TARGET_BUILD_DIR}/${FRAMEWORKS_FOLDER_PATH}/Material.framework",
				"${TARGET_BUILD_DIR}/${FRAMEWORKS_FOLDER_PATH}/Motion.framework",
				"${TARGET_BUILD_DIR}/${FRAMEWORKS_FOLDER_PATH}/Protobuf.framework",
				"${TARGET_BUILD_DIR}/${FRAMEWORKS_FOLDER_PATH}/grpcpp.framework",
				"${TARGET_BUILD_DIR}/${FRAMEWORKS_FOLDER_PATH}/grpc.framework",
				"${TARGET_BUILD_DIR}/${FRAMEWORKS_FOLDER_PATH}/leveldb.framework",
				"${TARGET_BUILD_DIR}/${FRAMEWORKS_FOLDER_PATH}/nanopb.framework",
			);
			runOnlyForDeploymentPostprocessing = 0;
			shellPath = /bin/sh;
			shellScript = "\"${SRCROOT}/Pods/Target Support Files/Pods-iOSFinalProject/Pods-iOSFinalProject-frameworks.sh\"\n";
			showEnvVarsInLog = 0;
		};
		E073CE06F606F57A57EC08FD /* [CP] Check Pods Manifest.lock */ = {
			isa = PBXShellScriptBuildPhase;
			buildActionMask = 2147483647;
			files = (
			);
			inputFileListPaths = (
			);
			inputPaths = (
				"${PODS_PODFILE_DIR_PATH}/Podfile.lock",
				"${PODS_ROOT}/Manifest.lock",
			);
			name = "[CP] Check Pods Manifest.lock";
			outputFileListPaths = (
			);
			outputPaths = (
				"$(DERIVED_FILE_DIR)/Pods-iOSFinalProjectUITests-checkManifestLockResult.txt",
			);
			runOnlyForDeploymentPostprocessing = 0;
			shellPath = /bin/sh;
			shellScript = "diff \"${PODS_PODFILE_DIR_PATH}/Podfile.lock\" \"${PODS_ROOT}/Manifest.lock\" > /dev/null\nif [ $? != 0 ] ; then\n    # print error to STDERR\n    echo \"error: The sandbox is not in sync with the Podfile.lock. Run 'pod install' or update your CocoaPods installation.\" >&2\n    exit 1\nfi\n# This output is used by Xcode 'outputs' to avoid re-running this script phase.\necho \"SUCCESS\" > \"${SCRIPT_OUTPUT_FILE_0}\"\n";
			showEnvVarsInLog = 0;
		};
		ED8011418049B1755B4A313D /* [CP] Check Pods Manifest.lock */ = {
			isa = PBXShellScriptBuildPhase;
			buildActionMask = 2147483647;
			files = (
			);
			inputFileListPaths = (
			);
			inputPaths = (
				"${PODS_PODFILE_DIR_PATH}/Podfile.lock",
				"${PODS_ROOT}/Manifest.lock",
			);
			name = "[CP] Check Pods Manifest.lock";
			outputFileListPaths = (
			);
			outputPaths = (
				"$(DERIVED_FILE_DIR)/Pods-iOSFinalProject-checkManifestLockResult.txt",
			);
			runOnlyForDeploymentPostprocessing = 0;
			shellPath = /bin/sh;
			shellScript = "diff \"${PODS_PODFILE_DIR_PATH}/Podfile.lock\" \"${PODS_ROOT}/Manifest.lock\" > /dev/null\nif [ $? != 0 ] ; then\n    # print error to STDERR\n    echo \"error: The sandbox is not in sync with the Podfile.lock. Run 'pod install' or update your CocoaPods installation.\" >&2\n    exit 1\nfi\n# This output is used by Xcode 'outputs' to avoid re-running this script phase.\necho \"SUCCESS\" > \"${SCRIPT_OUTPUT_FILE_0}\"\n";
			showEnvVarsInLog = 0;
		};
/* End PBXShellScriptBuildPhase section */

/* Begin PBXSourcesBuildPhase section */
		A59545DF21C3BCB800DFF43C /* Sources */ = {
			isa = PBXSourcesBuildPhase;
			buildActionMask = 2147483647;
			files = (
				A595463A21C3C10F00DFF43C /* Property.swift in Sources */,
				A59545EF21C3BCB800DFF43C /* iOSFinalProject.xcdatamodeld in Sources */,
				A57A634121C5283100E836B0 /* GeneralExtensions.swift in Sources */,
				A595463C21C3C10F00DFF43C /* Model.swift in Sources */,
				A595463B21C3C10F00DFF43C /* FirebaseModel.swift in Sources */,
				A595463321C3C10000DFF43C /* PropertyViewController.swift in Sources */,
				A595464921C3C51600DFF43C /* UserLoggedInData.swift in Sources */,
				A557807B21DCF9DE00219FFB /* Comment.swift in Sources */,
				A595463521C3C10000DFF43C /* AddCommentViewController.swift in Sources */,
				A595462C21C3C0D900DFF43C /* PropertyTableViewCell.swift in Sources */,
				A59545E721C3BCB800DFF43C /* AppDelegate.swift in Sources */,
				A5F47F0321C3C73100A2AC48 /* LoginViewController.swift in Sources */,
				A56BFF6021C4145E009F9D4F /* UIExtensions.swift in Sources */,
				A5F47F0421C3C73100A2AC48 /* RegisterViewController.swift in Sources */,
				A595463421C3C10000DFF43C /* PropertiesTableViewController.swift in Sources */,
				A595464A21C3C51600DFF43C /* NotificationService.swift in Sources */,
				A595464521C3C4C300DFF43C /* BaseLoginViewController.swift in Sources */,
				A56C40A121C4F83100203A9B /* SplashViewController.swift in Sources */,
			);
			runOnlyForDeploymentPostprocessing = 0;
		};
		A59545F621C3BCB900DFF43C /* Sources */ = {
			isa = PBXSourcesBuildPhase;
			buildActionMask = 2147483647;
			files = (
				A59545FF21C3BCB900DFF43C /* iOSFinalProjectTests.swift in Sources */,
			);
			runOnlyForDeploymentPostprocessing = 0;
		};
		A595460121C3BCB900DFF43C /* Sources */ = {
			isa = PBXSourcesBuildPhase;
			buildActionMask = 2147483647;
			files = (
				A595460A21C3BCB900DFF43C /* iOSFinalProjectUITests.swift in Sources */,
			);
			runOnlyForDeploymentPostprocessing = 0;
		};
/* End PBXSourcesBuildPhase section */

/* Begin PBXTargetDependency section */
		A59545FC21C3BCB900DFF43C /* PBXTargetDependency */ = {
			isa = PBXTargetDependency;
			target = A59545E221C3BCB800DFF43C /* iOSFinalProject */;
			targetProxy = A59545FB21C3BCB900DFF43C /* PBXContainerItemProxy */;
		};
		A595460721C3BCB900DFF43C /* PBXTargetDependency */ = {
			isa = PBXTargetDependency;
			target = A59545E221C3BCB800DFF43C /* iOSFinalProject */;
			targetProxy = A595460621C3BCB900DFF43C /* PBXContainerItemProxy */;
		};
/* End PBXTargetDependency section */

/* Begin PBXVariantGroup section */
		A59545EA21C3BCB800DFF43C /* Main.storyboard */ = {
			isa = PBXVariantGroup;
			children = (
				A59545EB21C3BCB800DFF43C /* Base */,
				A51FDAEC21C403C400B4A7BD /* he */,
			);
			name = Main.storyboard;
			sourceTree = "<group>";
			usesTabs = 0;
		};
		A59545F221C3BCB900DFF43C /* LaunchScreen.storyboard */ = {
			isa = PBXVariantGroup;
			children = (
				A59545F321C3BCB900DFF43C /* Base */,
				A51FDAED21C403C500B4A7BD /* he */,
			);
			name = LaunchScreen.storyboard;
			sourceTree = "<group>";
		};
/* End PBXVariantGroup section */

/* Begin XCBuildConfiguration section */
		A595460C21C3BCB900DFF43C /* Debug */ = {
			isa = XCBuildConfiguration;
			buildSettings = {
				ALWAYS_SEARCH_USER_PATHS = NO;
				CLANG_ANALYZER_LOCALIZABILITY_NONLOCALIZED = YES;
				CLANG_ANALYZER_NONNULL = YES;
				CLANG_ANALYZER_NUMBER_OBJECT_CONVERSION = YES_AGGRESSIVE;
				CLANG_CXX_LANGUAGE_STANDARD = "gnu++14";
				CLANG_CXX_LIBRARY = "libc++";
				CLANG_ENABLE_MODULES = YES;
				CLANG_ENABLE_OBJC_ARC = YES;
				CLANG_ENABLE_OBJC_WEAK = YES;
				CLANG_WARN_BLOCK_CAPTURE_AUTORELEASING = YES;
				CLANG_WARN_BOOL_CONVERSION = YES;
				CLANG_WARN_COMMA = YES;
				CLANG_WARN_CONSTANT_CONVERSION = YES;
				CLANG_WARN_DEPRECATED_OBJC_IMPLEMENTATIONS = YES;
				CLANG_WARN_DIRECT_OBJC_ISA_USAGE = YES_ERROR;
				CLANG_WARN_DOCUMENTATION_COMMENTS = YES;
				CLANG_WARN_EMPTY_BODY = YES;
				CLANG_WARN_ENUM_CONVERSION = YES;
				CLANG_WARN_INFINITE_RECURSION = YES;
				CLANG_WARN_INT_CONVERSION = YES;
				CLANG_WARN_NON_LITERAL_NULL_CONVERSION = YES;
				CLANG_WARN_OBJC_IMPLICIT_RETAIN_SELF = YES;
				CLANG_WARN_OBJC_LITERAL_CONVERSION = YES;
				CLANG_WARN_OBJC_ROOT_CLASS = YES_ERROR;
				CLANG_WARN_RANGE_LOOP_ANALYSIS = YES;
				CLANG_WARN_STRICT_PROTOTYPES = YES;
				CLANG_WARN_SUSPICIOUS_MOVE = YES;
				CLANG_WARN_UNGUARDED_AVAILABILITY = YES_AGGRESSIVE;
				CLANG_WARN_UNREACHABLE_CODE = YES;
				CLANG_WARN__DUPLICATE_METHOD_MATCH = YES;
				CODE_SIGN_IDENTITY = "iPhone Developer";
				COPY_PHASE_STRIP = NO;
				DEBUG_INFORMATION_FORMAT = dwarf;
				ENABLE_STRICT_OBJC_MSGSEND = YES;
				ENABLE_TESTABILITY = YES;
				GCC_C_LANGUAGE_STANDARD = gnu11;
				GCC_DYNAMIC_NO_PIC = NO;
				GCC_NO_COMMON_BLOCKS = YES;
				GCC_OPTIMIZATION_LEVEL = 0;
				GCC_PREPROCESSOR_DEFINITIONS = (
					"DEBUG=1",
					"$(inherited)",
				);
				GCC_WARN_64_TO_32_BIT_CONVERSION = YES;
				GCC_WARN_ABOUT_RETURN_TYPE = YES_ERROR;
				GCC_WARN_UNDECLARED_SELECTOR = YES;
				GCC_WARN_UNINITIALIZED_AUTOS = YES_AGGRESSIVE;
				GCC_WARN_UNUSED_FUNCTION = YES;
				GCC_WARN_UNUSED_VARIABLE = YES;
				IPHONEOS_DEPLOYMENT_TARGET = 12.1;
				MTL_ENABLE_DEBUG_INFO = INCLUDE_SOURCE;
				MTL_FAST_MATH = YES;
				ONLY_ACTIVE_ARCH = YES;
				SDKROOT = iphoneos;
				SWIFT_ACTIVE_COMPILATION_CONDITIONS = DEBUG;
				SWIFT_OPTIMIZATION_LEVEL = "-Onone";
			};
			name = Debug;
		};
		A595460D21C3BCB900DFF43C /* Release */ = {
			isa = XCBuildConfiguration;
			buildSettings = {
				ALWAYS_SEARCH_USER_PATHS = NO;
				CLANG_ANALYZER_LOCALIZABILITY_NONLOCALIZED = YES;
				CLANG_ANALYZER_NONNULL = YES;
				CLANG_ANALYZER_NUMBER_OBJECT_CONVERSION = YES_AGGRESSIVE;
				CLANG_CXX_LANGUAGE_STANDARD = "gnu++14";
				CLANG_CXX_LIBRARY = "libc++";
				CLANG_ENABLE_MODULES = YES;
				CLANG_ENABLE_OBJC_ARC = YES;
				CLANG_ENABLE_OBJC_WEAK = YES;
				CLANG_WARN_BLOCK_CAPTURE_AUTORELEASING = YES;
				CLANG_WARN_BOOL_CONVERSION = YES;
				CLANG_WARN_COMMA = YES;
				CLANG_WARN_CONSTANT_CONVERSION = YES;
				CLANG_WARN_DEPRECATED_OBJC_IMPLEMENTATIONS = YES;
				CLANG_WARN_DIRECT_OBJC_ISA_USAGE = YES_ERROR;
				CLANG_WARN_DOCUMENTATION_COMMENTS = YES;
				CLANG_WARN_EMPTY_BODY = YES;
				CLANG_WARN_ENUM_CONVERSION = YES;
				CLANG_WARN_INFINITE_RECURSION = YES;
				CLANG_WARN_INT_CONVERSION = YES;
				CLANG_WARN_NON_LITERAL_NULL_CONVERSION = YES;
				CLANG_WARN_OBJC_IMPLICIT_RETAIN_SELF = YES;
				CLANG_WARN_OBJC_LITERAL_CONVERSION = YES;
				CLANG_WARN_OBJC_ROOT_CLASS = YES_ERROR;
				CLANG_WARN_RANGE_LOOP_ANALYSIS = YES;
				CLANG_WARN_STRICT_PROTOTYPES = YES;
				CLANG_WARN_SUSPICIOUS_MOVE = YES;
				CLANG_WARN_UNGUARDED_AVAILABILITY = YES_AGGRESSIVE;
				CLANG_WARN_UNREACHABLE_CODE = YES;
				CLANG_WARN__DUPLICATE_METHOD_MATCH = YES;
				CODE_SIGN_IDENTITY = "iPhone Developer";
				COPY_PHASE_STRIP = NO;
				DEBUG_INFORMATION_FORMAT = "dwarf-with-dsym";
				ENABLE_NS_ASSERTIONS = NO;
				ENABLE_STRICT_OBJC_MSGSEND = YES;
				GCC_C_LANGUAGE_STANDARD = gnu11;
				GCC_NO_COMMON_BLOCKS = YES;
				GCC_WARN_64_TO_32_BIT_CONVERSION = YES;
				GCC_WARN_ABOUT_RETURN_TYPE = YES_ERROR;
				GCC_WARN_UNDECLARED_SELECTOR = YES;
				GCC_WARN_UNINITIALIZED_AUTOS = YES_AGGRESSIVE;
				GCC_WARN_UNUSED_FUNCTION = YES;
				GCC_WARN_UNUSED_VARIABLE = YES;
				IPHONEOS_DEPLOYMENT_TARGET = 12.1;
				MTL_ENABLE_DEBUG_INFO = NO;
				MTL_FAST_MATH = YES;
				SDKROOT = iphoneos;
				SWIFT_COMPILATION_MODE = wholemodule;
				SWIFT_OPTIMIZATION_LEVEL = "-O";
				VALIDATE_PRODUCT = YES;
			};
			name = Release;
		};
		A595460F21C3BCB900DFF43C /* Debug */ = {
			isa = XCBuildConfiguration;
			baseConfigurationReference = 5D6CD3B03CB718E981DAA19D /* Pods-iOSFinalProject.debug.xcconfig */;
			buildSettings = {
				ASSETCATALOG_COMPILER_APPICON_NAME = AppIcon;
				CODE_SIGN_STYLE = Automatic;
				DEVELOPMENT_TEAM = AQJ33WJLV6;
				INFOPLIST_FILE = iOSFinalProject/Info.plist;
				IPHONEOS_DEPLOYMENT_TARGET = 12.0;
				LD_RUNPATH_SEARCH_PATHS = (
					"$(inherited)",
					"@executable_path/Frameworks",
				);
				PRODUCT_BUNDLE_IDENTIFIER = colman.final.iOSFinalProject;
				PRODUCT_NAME = "$(TARGET_NAME)";
				SWIFT_VERSION = 4.2;
				TARGETED_DEVICE_FAMILY = "1,2";
			};
			name = Debug;
		};
		A595461021C3BCB900DFF43C /* Release */ = {
			isa = XCBuildConfiguration;
			baseConfigurationReference = 8058B001FE24BC0A351DC5B7 /* Pods-iOSFinalProject.release.xcconfig */;
			buildSettings = {
				ASSETCATALOG_COMPILER_APPICON_NAME = AppIcon;
				CODE_SIGN_STYLE = Automatic;
				DEVELOPMENT_TEAM = AQJ33WJLV6;
				INFOPLIST_FILE = iOSFinalProject/Info.plist;
				IPHONEOS_DEPLOYMENT_TARGET = 12.0;
				LD_RUNPATH_SEARCH_PATHS = (
					"$(inherited)",
					"@executable_path/Frameworks",
				);
				PRODUCT_BUNDLE_IDENTIFIER = colman.final.iOSFinalProject;
				PRODUCT_NAME = "$(TARGET_NAME)";
				SWIFT_VERSION = 4.2;
				TARGETED_DEVICE_FAMILY = "1,2";
			};
			name = Release;
		};
		A595461221C3BCB900DFF43C /* Debug */ = {
			isa = XCBuildConfiguration;
			baseConfigurationReference = C92F515D7E3B09BB2D2A08DD /* Pods-iOSFinalProjectTests.debug.xcconfig */;
			buildSettings = {
				ALWAYS_EMBED_SWIFT_STANDARD_LIBRARIES = YES;
				BUNDLE_LOADER = "$(TEST_HOST)";
				CODE_SIGN_STYLE = Automatic;
				DEVELOPMENT_TEAM = AQJ33WJLV6;
				INFOPLIST_FILE = iOSFinalProjectTests/Info.plist;
				LD_RUNPATH_SEARCH_PATHS = (
					"$(inherited)",
					"@executable_path/Frameworks",
					"@loader_path/Frameworks",
				);
				PRODUCT_BUNDLE_IDENTIFIER = colman.final.iOSFinalProjectTests;
				PRODUCT_NAME = "$(TARGET_NAME)";
				SWIFT_VERSION = 4.2;
				TARGETED_DEVICE_FAMILY = "1,2";
				TEST_HOST = "$(BUILT_PRODUCTS_DIR)/iOSFinalProject.app/iOSFinalProject";
			};
			name = Debug;
		};
		A595461321C3BCB900DFF43C /* Release */ = {
			isa = XCBuildConfiguration;
			baseConfigurationReference = 5C2A854A1EE8BC02F1A66E56 /* Pods-iOSFinalProjectTests.release.xcconfig */;
			buildSettings = {
				ALWAYS_EMBED_SWIFT_STANDARD_LIBRARIES = YES;
				BUNDLE_LOADER = "$(TEST_HOST)";
				CODE_SIGN_STYLE = Automatic;
				DEVELOPMENT_TEAM = AQJ33WJLV6;
				INFOPLIST_FILE = iOSFinalProjectTests/Info.plist;
				LD_RUNPATH_SEARCH_PATHS = (
					"$(inherited)",
					"@executable_path/Frameworks",
					"@loader_path/Frameworks",
				);
				PRODUCT_BUNDLE_IDENTIFIER = colman.final.iOSFinalProjectTests;
				PRODUCT_NAME = "$(TARGET_NAME)";
				SWIFT_VERSION = 4.2;
				TARGETED_DEVICE_FAMILY = "1,2";
				TEST_HOST = "$(BUILT_PRODUCTS_DIR)/iOSFinalProject.app/iOSFinalProject";
			};
			name = Release;
		};
		A595461521C3BCB900DFF43C /* Debug */ = {
			isa = XCBuildConfiguration;
			baseConfigurationReference = 782D1E43A0827C2399B9B526 /* Pods-iOSFinalProjectUITests.debug.xcconfig */;
			buildSettings = {
				ALWAYS_EMBED_SWIFT_STANDARD_LIBRARIES = YES;
				CODE_SIGN_STYLE = Automatic;
				DEVELOPMENT_TEAM = AQJ33WJLV6;
				INFOPLIST_FILE = iOSFinalProjectUITests/Info.plist;
				LD_RUNPATH_SEARCH_PATHS = (
					"$(inherited)",
					"@executable_path/Frameworks",
					"@loader_path/Frameworks",
				);
				PRODUCT_BUNDLE_IDENTIFIER = colman.final.iOSFinalProjectUITests;
				PRODUCT_NAME = "$(TARGET_NAME)";
				SWIFT_VERSION = 4.2;
				TARGETED_DEVICE_FAMILY = "1,2";
				TEST_TARGET_NAME = iOSFinalProject;
			};
			name = Debug;
		};
		A595461621C3BCB900DFF43C /* Release */ = {
			isa = XCBuildConfiguration;
			baseConfigurationReference = 37CAB5AB6CB8112BFCCF4E6F /* Pods-iOSFinalProjectUITests.release.xcconfig */;
			buildSettings = {
				ALWAYS_EMBED_SWIFT_STANDARD_LIBRARIES = YES;
				CODE_SIGN_STYLE = Automatic;
				DEVELOPMENT_TEAM = AQJ33WJLV6;
				INFOPLIST_FILE = iOSFinalProjectUITests/Info.plist;
				LD_RUNPATH_SEARCH_PATHS = (
					"$(inherited)",
					"@executable_path/Frameworks",
					"@loader_path/Frameworks",
				);
				PRODUCT_BUNDLE_IDENTIFIER = colman.final.iOSFinalProjectUITests;
				PRODUCT_NAME = "$(TARGET_NAME)";
				SWIFT_VERSION = 4.2;
				TARGETED_DEVICE_FAMILY = "1,2";
				TEST_TARGET_NAME = iOSFinalProject;
			};
			name = Release;
		};
/* End XCBuildConfiguration section */

/* Begin XCConfigurationList section */
		A59545DE21C3BCB800DFF43C /* Build configuration list for PBXProject "iOSFinalProject" */ = {
			isa = XCConfigurationList;
			buildConfigurations = (
				A595460C21C3BCB900DFF43C /* Debug */,
				A595460D21C3BCB900DFF43C /* Release */,
			);
			defaultConfigurationIsVisible = 0;
			defaultConfigurationName = Release;
		};
		A595460E21C3BCB900DFF43C /* Build configuration list for PBXNativeTarget "iOSFinalProject" */ = {
			isa = XCConfigurationList;
			buildConfigurations = (
				A595460F21C3BCB900DFF43C /* Debug */,
				A595461021C3BCB900DFF43C /* Release */,
			);
			defaultConfigurationIsVisible = 0;
			defaultConfigurationName = Release;
		};
		A595461121C3BCB900DFF43C /* Build configuration list for PBXNativeTarget "iOSFinalProjectTests" */ = {
			isa = XCConfigurationList;
			buildConfigurations = (
				A595461221C3BCB900DFF43C /* Debug */,
				A595461321C3BCB900DFF43C /* Release */,
			);
			defaultConfigurationIsVisible = 0;
			defaultConfigurationName = Release;
		};
		A595461421C3BCB900DFF43C /* Build configuration list for PBXNativeTarget "iOSFinalProjectUITests" */ = {
			isa = XCConfigurationList;
			buildConfigurations = (
				A595461521C3BCB900DFF43C /* Debug */,
				A595461621C3BCB900DFF43C /* Release */,
			);
			defaultConfigurationIsVisible = 0;
			defaultConfigurationName = Release;
		};
/* End XCConfigurationList section */

/* Begin XCVersionGroup section */
		A59545ED21C3BCB800DFF43C /* iOSFinalProject.xcdatamodeld */ = {
			isa = XCVersionGroup;
			children = (
				A59545EE21C3BCB800DFF43C /* iOSFinalProject.xcdatamodel */,
			);
			currentVersion = A59545EE21C3BCB800DFF43C /* iOSFinalProject.xcdatamodel */;
			path = iOSFinalProject.xcdatamodeld;
			sourceTree = "<group>";
			versionGroupType = wrapper.xcdatamodel;
		};
/* End XCVersionGroup section */
	};
	rootObject = A59545DB21C3BCB800DFF43C /* Project object */;
}
